
Microsoft Visual Studio Solution File, Format Version 12.00
# Visual Studio 2012
Project("{2150E333-8FDC-42A3-9474-1A3956D46DE8}") = "Examples", "Examples", "{1A7F3D72-D18E-4DBB-B1D5-654F37F5BDDF}"
EndProject
Project("{2150E333-8FDC-42A3-9474-1A3956D46DE8}") = "OpenStreetMap", "OpenStreetMap", "{BF253E60-5458-437D-9607-0D2B554C8D13}"
EndProject
Project("{2150E333-8FDC-42A3-9474-1A3956D46DE8}") = "LocalMaps", "LocalMaps", "{8B0C785B-CAEA-4AED-BA4D-521AADE95B7C}"
EndProject
Project("{FAE04EC0-301F-11D3-BF4B-00C04F79EFBC}") = "DeepEarth", "DeepEarth\DeepEarth.csproj", "{CCDEF3E2-738E-479F-8B97-FDF3DAB326A3}"
EndProject
Project("{FAE04EC0-301F-11D3-BF4B-00C04F79EFBC}") = "OSMDeepEarthExample", "Examples\OpenStreetMap\OSMDeepEarthExample\OSMDeepEarthExample.csproj", "{D38FBC88-CFBD-4897-BC99-ABEE22E6CBC2}"
EndProject
Project("{E24C65DC-7377-472B-9ABA-BC803B73C61A}") = "OSMDeepEarthExampleWeb", "Examples\OpenStreetMap\OSMDeepEarthExampleWeb\", "{9027C3C9-B089-4816-8B1F-B7378240CA51}"
	ProjectSection(WebsiteProperties) = preProject
		SccProjectName = ""
		SccAuxPath = ""
		SccLocalPath = ""
		SccProvider = ""
		TargetFrameworkMoniker = ".NETFramework,Version%3Dv3.5"
		Debug.AspNetCompiler.VirtualPath = "/OSMDeepEarthExampleWeb"
		Debug.AspNetCompiler.PhysicalPath = "Examples\OpenStreetMap\OSMDeepEarthExampleWeb\"
		Debug.AspNetCompiler.TargetPath = "PrecompiledWeb\OSMDeepEarthExampleWeb\"
		Debug.AspNetCompiler.Updateable = "true"
		Debug.AspNetCompiler.ForceOverwrite = "true"
		Debug.AspNetCompiler.FixedNames = "false"
		Debug.AspNetCompiler.Debug = "True"
		Release.AspNetCompiler.VirtualPath = "/OSMDeepEarthExampleWeb"
		Release.AspNetCompiler.PhysicalPath = "Examples\OpenStreetMap\OSMDeepEarthExampleWeb\"
		Release.AspNetCompiler.TargetPath = "PrecompiledWeb\OSMDeepEarthExampleWeb\"
		Release.AspNetCompiler.Updateable = "true"
		Release.AspNetCompiler.ForceOverwrite = "true"
		Release.AspNetCompiler.FixedNames = "false"
		Release.AspNetCompiler.Debug = "False"
		VWDPort = "52642"
		DefaultWebSiteLanguage = "Visual C#"
		ProjOutputReferences = "{D38FBC88-CFBD-4897-BC99-ABEE22E6CBC2}|ClientBin|false;"
	EndProjectSection
EndProject
Project("{FAE04EC0-301F-11D3-BF4B-00C04F79EFBC}") = "LocalMapsExample", "Examples\LocalMaps\LocalMapsExample\LocalMapsExample.csproj", "{93790720-3C21-45FA-9A8C-B5D3D5AB9A9C}"
EndProject
Project("{E24C65DC-7377-472B-9ABA-BC803B73C61A}") = "LocalMapsExampleWeb", "Examples\LocalMaps\LocalMapsExampleWeb\", "{38AE3897-05F4-4312-867D-9F290C55FA55}"
	ProjectSection(WebsiteProperties) = preProject
		TargetFrameworkMoniker = ".NETFramework,Version%3Dv3.5"
		Debug.AspNetCompiler.VirtualPath = "/LocalMapsExampleWeb"
		Debug.AspNetCompiler.PhysicalPath = "Examples\LocalMaps\LocalMapsExampleWeb\"
		Debug.AspNetCompiler.TargetPath = "PrecompiledWeb\LocalMapsExampleWeb\"
		Debug.AspNetCompiler.Updateable = "true"
		Debug.AspNetCompiler.ForceOverwrite = "true"
		Debug.AspNetCompiler.FixedNames = "false"
		Debug.AspNetCompiler.Debug = "True"
		Release.AspNetCompiler.VirtualPath = "/LocalMapsExampleWeb"
		Release.AspNetCompiler.PhysicalPath = "Examples\LocalMaps\LocalMapsExampleWeb\"
		Release.AspNetCompiler.TargetPath = "PrecompiledWeb\LocalMapsExampleWeb\"
		Release.AspNetCompiler.Updateable = "true"
		Release.AspNetCompiler.ForceOverwrite = "true"
		Release.AspNetCompiler.FixedNames = "false"
		Release.AspNetCompiler.Debug = "False"
		VWDPort = "57798"
		ProjOutputReferences = "{93790720-3C21-45FA-9A8C-B5D3D5AB9A9C}|ClientBin|false;"
	EndProjectSection
EndProject
Project("{FAE04EC0-301F-11D3-BF4B-00C04F79EFBC}") = "DeepEarth.Provider", "DeepEarth.Provider\DeepEarth.Provider.csproj", "{5367C2CD-1991-4225-9A69-E60FD4EF78BF}"
EndProject
Global
	GlobalSection(SolutionConfigurationPlatforms) = preSolution
		Debug|.NET = Debug|.NET
		Debug|Any CPU = Debug|Any CPU
		Debug|Mixed Platforms = Debug|Mixed Platforms
		Release|.NET = Release|.NET
		Release|Any CPU = Release|Any CPU
		Release|Mixed Platforms = Release|Mixed Platforms
	EndGlobalSection
	GlobalSection(ProjectConfigurationPlatforms) = postSolution
		{CCDEF3E2-738E-479F-8B97-FDF3DAB326A3}.Debug|.NET.ActiveCfg = Debug|Any CPU
		{CCDEF3E2-738E-479F-8B97-FDF3DAB326A3}.Debug|Any CPU.ActiveCfg = Debug|Any CPU
		{CCDEF3E2-738E-479F-8B97-FDF3DAB326A3}.Debug|Any CPU.Build.0 = Debug|Any CPU
		{CCDEF3E2-738E-479F-8B97-FDF3DAB326A3}.Debug|Mixed Platforms.ActiveCfg = Debug|Any CPU
		{CCDEF3E2-738E-479F-8B97-FDF3DAB326A3}.Debug|Mixed Platforms.Build.0 = Debug|Any CPU
		{CCDEF3E2-738E-479F-8B97-FDF3DAB326A3}.Release|.NET.ActiveCfg = Release|Any CPU
		{CCDEF3E2-738E-479F-8B97-FDF3DAB326A3}.Release|Any CPU.ActiveCfg = Release|Any CPU
		{CCDEF3E2-738E-479F-8B97-FDF3DAB326A3}.Release|Any CPU.Build.0 = Release|Any CPU
		{CCDEF3E2-738E-479F-8B97-FDF3DAB326A3}.Release|Mixed Platforms.ActiveCfg = Release|Any CPU
		{CCDEF3E2-738E-479F-8B97-FDF3DAB326A3}.Release|Mixed Platforms.Build.0 = Release|Any CPU
		{D38FBC88-CFBD-4897-BC99-ABEE22E6CBC2}.Debug|.NET.ActiveCfg = Debug|Any CPU
		{D38FBC88-CFBD-4897-BC99-ABEE22E6CBC2}.Debug|Any CPU.ActiveCfg = Debug|Any CPU
		{D38FBC88-CFBD-4897-BC99-ABEE22E6CBC2}.Debug|Any CPU.Build.0 = Debug|Any CPU
		{D38FBC88-CFBD-4897-BC99-ABEE22E6CBC2}.Debug|Mixed Platforms.ActiveCfg = Debug|Any CPU
		{D38FBC88-CFBD-4897-BC99-ABEE22E6CBC2}.Debug|Mixed Platforms.Build.0 = Debug|Any CPU
		{D38FBC88-CFBD-4897-BC99-ABEE22E6CBC2}.Release|.NET.ActiveCfg = Release|Any CPU
		{D38FBC88-CFBD-4897-BC99-ABEE22E6CBC2}.Release|Any CPU.ActiveCfg = Release|Any CPU
		{D38FBC88-CFBD-4897-BC99-ABEE22E6CBC2}.Release|Any CPU.Build.0 = Release|Any CPU
		{D38FBC88-CFBD-4897-BC99-ABEE22E6CBC2}.Release|Mixed Platforms.ActiveCfg = Release|Any CPU
		{D38FBC88-CFBD-4897-BC99-ABEE22E6CBC2}.Release|Mixed Platforms.Build.0 = Release|Any CPU
		{9027C3C9-B089-4816-8B1F-B7378240CA51}.Debug|.NET.ActiveCfg = Debug|Any CPU
		{9027C3C9-B089-4816-8B1F-B7378240CA51}.Debug|Any CPU.ActiveCfg = Debug|Any CPU
		{9027C3C9-B089-4816-8B1F-B7378240CA51}.Debug|Any CPU.Build.0 = Debug|Any CPU
		{9027C3C9-B089-4816-8B1F-B7378240CA51}.Debug|Mixed Platforms.ActiveCfg = Debug|Any CPU
		{9027C3C9-B089-4816-8B1F-B7378240CA51}.Debug|Mixed Platforms.Build.0 = Debug|Any CPU
		{9027C3C9-B089-4816-8B1F-B7378240CA51}.Release|.NET.ActiveCfg = Debug|Any CPU
		{9027C3C9-B089-4816-8B1F-B7378240CA51}.Release|Any CPU.ActiveCfg = Debug|Any CPU
		{9027C3C9-B089-4816-8B1F-B7378240CA51}.Release|Any CPU.Build.0 = Debug|Any CPU
		{9027C3C9-B089-4816-8B1F-B7378240CA51}.Release|Mixed Platforms.ActiveCfg = Debug|Any CPU
		{9027C3C9-B089-4816-8B1F-B7378240CA51}.Release|Mixed Platforms.Build.0 = Debug|Any CPU
		{93790720-3C21-45FA-9A8C-B5D3D5AB9A9C}.Debug|.NET.ActiveCfg = Debug|Any CPU
		{93790720-3C21-45FA-9A8C-B5D3D5AB9A9C}.Debug|Any CPU.ActiveCfg = Debug|Any CPU
		{93790720-3C21-45FA-9A8C-B5D3D5AB9A9C}.Debug|Any CPU.Build.0 = Debug|Any CPU
		{93790720-3C21-45FA-9A8C-B5D3D5AB9A9C}.Debug|Mixed Platforms.ActiveCfg = Debug|Any CPU
		{93790720-3C21-45FA-9A8C-B5D3D5AB9A9C}.Debug|Mixed Platforms.Build.0 = Debug|Any CPU
		{93790720-3C21-45FA-9A8C-B5D3D5AB9A9C}.Release|.NET.ActiveCfg = Release|Any CPU
		{93790720-3C21-45FA-9A8C-B5D3D5AB9A9C}.Release|Any CPU.ActiveCfg = Release|Any CPU
		{93790720-3C21-45FA-9A8C-B5D3D5AB9A9C}.Release|Any CPU.Build.0 = Release|Any CPU
		{93790720-3C21-45FA-9A8C-B5D3D5AB9A9C}.Release|Mixed Platforms.ActiveCfg = Release|Any CPU
		{93790720-3C21-45FA-9A8C-B5D3D5AB9A9C}.Release|Mixed Platforms.Build.0 = Release|Any CPU
		{38AE3897-05F4-4312-867D-9F290C55FA55}.Debug|.NET.ActiveCfg = Debug|Any CPU
		{38AE3897-05F4-4312-867D-9F290C55FA55}.Debug|Any CPU.ActiveCfg = Debug|Any CPU
		{38AE3897-05F4-4312-867D-9F290C55FA55}.Debug|Any CPU.Build.0 = Debug|Any CPU
		{38AE3897-05F4-4312-867D-9F290C55FA55}.Debug|Mixed Platforms.ActiveCfg = Debug|Any CPU
		{38AE3897-05F4-4312-867D-9F290C55FA55}.Debug|Mixed Platforms.Build.0 = Debug|Any CPU
		{38AE3897-05F4-4312-867D-9F290C55FA55}.Release|.NET.ActiveCfg = Debug|Any CPU
		{38AE3897-05F4-4312-867D-9F290C55FA55}.Release|Any CPU.ActiveCfg = Debug|Any CPU
		{38AE3897-05F4-4312-867D-9F290C55FA55}.Release|Any CPU.Build.0 = Debug|Any CPU
		{38AE3897-05F4-4312-867D-9F290C55FA55}.Release|Mixed Platforms.ActiveCfg = Debug|Any CPU
		{38AE3897-05F4-4312-867D-9F290C55FA55}.Release|Mixed Platforms.Build.0 = Debug|Any CPU
		{5367C2CD-1991-4225-9A69-E60FD4EF78BF}.Debug|.NET.ActiveCfg = Debug|Any CPU
		{5367C2CD-1991-4225-9A69-E60FD4EF78BF}.Debug|Any CPU.ActiveCfg = Debug|Any CPU
		{5367C2CD-1991-4225-9A69-E60FD4EF78BF}.Debug|Any CPU.Build.0 = Debug|Any CPU
		{5367C2CD-1991-4225-9A69-E60FD4EF78BF}.Debug|Mixed Platforms.ActiveCfg = Debug|Any CPU
		{5367C2CD-1991-4225-9A69-E60FD4EF78BF}.Debug|Mixed Platforms.Build.0 = Debug|Any CPU
		{5367C2CD-1991-4225-9A69-E60FD4EF78BF}.Release|.NET.ActiveCfg = Release|Any CPU
		{5367C2CD-1991-4225-9A69-E60FD4EF78BF}.Release|Any CPU.ActiveCfg = Release|Any CPU
		{5367C2CD-1991-4225-9A69-E60FD4EF78BF}.Release|Any CPU.Build.0 = Release|Any CPU
		{5367C2CD-1991-4225-9A69-E60FD4EF78BF}.Release|Mixed Platforms.ActiveCfg = Release|Any CPU
		{5367C2CD-1991-4225-9A69-E60FD4EF78BF}.Release|Mixed Platforms.Build.0 = Release|Any CPU
	EndGlobalSection
	GlobalSection(SolutionProperties) = preSolution
		HideSolutionNode = FALSE
	EndGlobalSection
	GlobalSection(NestedProjects) = preSolution
		{BF253E60-5458-437D-9607-0D2B554C8D13} = {1A7F3D72-D18E-4DBB-B1D5-654F37F5BDDF}
		{8B0C785B-CAEA-4AED-BA4D-521AADE95B7C} = {1A7F3D72-D18E-4DBB-B1D5-654F37F5BDDF}
		{D38FBC88-CFBD-4897-BC99-ABEE22E6CBC2} = {BF253E60-5458-437D-9607-0D2B554C8D13}
		{9027C3C9-B089-4816-8B1F-B7378240CA51} = {BF253E60-5458-437D-9607-0D2B554C8D13}
		{93790720-3C21-45FA-9A8C-B5D3D5AB9A9C} = {8B0C785B-CAEA-4AED-BA4D-521AADE95B7C}
		{38AE3897-05F4-4312-867D-9F290C55FA55} = {8B0C785B-CAEA-4AED-BA4D-521AADE95B7C}
	EndGlobalSection
EndGlobal
